// !$*UTF8*$!
{
	archiveVersion = 1;
	classes = {
	};
	objectVersion = 46;
	objects = {

/* Begin PBXBuildFile section */
		366A70B519C4CA1600347AEF /* AppDelegate.swift in Sources */ = {isa = PBXBuildFile; fileRef = 366A70B419C4CA1600347AEF /* AppDelegate.swift */; };
		366A70BA19C4CA1600347AEF /* Main.storyboard in Resources */ = {isa = PBXBuildFile; fileRef = 366A70B819C4CA1600347AEF /* Main.storyboard */; };
		366A70BC19C4CA1600347AEF /* Images.xcassets in Resources */ = {isa = PBXBuildFile; fileRef = 366A70BB19C4CA1600347AEF /* Images.xcassets */; };
		366A70BF19C4CA1600347AEF /* LaunchScreen.xib in Resources */ = {isa = PBXBuildFile; fileRef = 366A70BD19C4CA1600347AEF /* LaunchScreen.xib */; };
		366A70CB19C4CA1600347AEF /* RottenTomatoesSwiftTests.swift in Sources */ = {isa = PBXBuildFile; fileRef = 366A70CA19C4CA1600347AEF /* RottenTomatoesSwiftTests.swift */; };
		366A70D519C4CB8200347AEF /* MoviesViewController.swift in Sources */ = {isa = PBXBuildFile; fileRef = 366A70D419C4CB8200347AEF /* MoviesViewController.swift */; };
		366A70D719C4CD9E00347AEF /* MovieTableViewCell.swift in Sources */ = {isa = PBXBuildFile; fileRef = 366A70D619C4CD9E00347AEF /* MovieTableViewCell.swift */; };
		9CE90D61481C4F36822D0B69 /* libPods.a in Frameworks */ = {isa = PBXBuildFile; fileRef = E117F4B097044711866EE046 /* libPods.a */; };
/* End PBXBuildFile section */

/* Begin PBXContainerItemProxy section */
		366A70C519C4CA1600347AEF /* PBXContainerItemProxy */ = {
			isa = PBXContainerItemProxy;
			containerPortal = 366A70A719C4CA1600347AEF /* Project object */;
			proxyType = 1;
			remoteGlobalIDString = 366A70AE19C4CA1600347AEF;
			remoteInfo = RottenTomatoesSwift;
		};
/* End PBXContainerItemProxy section */

/* Begin PBXFileReference section */
		366A70AF19C4CA1600347AEF /* RottenTomatoesSwift.app */ = {isa = PBXFileReference; explicitFileType = wrapper.application; includeInIndex = 0; path = RottenTomatoesSwift.app; sourceTree = BUILT_PRODUCTS_DIR; };
		366A70B319C4CA1600347AEF /* Info.plist */ = {isa = PBXFileReference; lastKnownFileType = text.plist.xml; path = Info.plist; sourceTree = "<group>"; };
		366A70B419C4CA1600347AEF /* AppDelegate.swift */ = {isa = PBXFileReference; lastKnownFileType = sourcecode.swift; path = AppDelegate.swift; sourceTree = "<group>"; };
		366A70B919C4CA1600347AEF /* Base */ = {isa = PBXFileReference; lastKnownFileType = file.storyboard; name = Base; path = Base.lproj/Main.storyboard; sourceTree = "<group>"; };
		366A70BB19C4CA1600347AEF /* Images.xcassets */ = {isa = PBXFileReference; lastKnownFileType = folder.assetcatalog; path = Images.xcassets; sourceTree = "<group>"; };
		366A70BE19C4CA1600347AEF /* Base */ = {isa = PBXFileReference; lastKnownFileType = file.xib; name = Base; path = Base.lproj/LaunchScreen.xib; sourceTree = "<group>"; };
		366A70C419C4CA1600347AEF /* RottenTomatoesSwiftTests.xctest */ = {isa = PBXFileReference; explicitFileType = wrapper.cfbundle; includeInIndex = 0; path = RottenTomatoesSwiftTests.xctest; sourceTree = BUILT_PRODUCTS_DIR; };
		366A70C919C4CA1600347AEF /* Info.plist */ = {isa = PBXFileReference; lastKnownFileType = text.plist.xml; path = Info.plist; sourceTree = "<group>"; };
		366A70CA19C4CA1600347AEF /* RottenTomatoesSwiftTests.swift */ = {isa = PBXFileReference; lastKnownFileType = sourcecode.swift; path = RottenTomatoesSwiftTests.swift; sourceTree = "<group>"; };
		366A70D419C4CB8200347AEF /* MoviesViewController.swift */ = {isa = PBXFileReference; fileEncoding = 4; lastKnownFileType = sourcecode.swift; path = MoviesViewController.swift; sourceTree = "<group>"; };
		366A70D619C4CD9E00347AEF /* MovieTableViewCell.swift */ = {isa = PBXFileReference; fileEncoding = 4; lastKnownFileType = sourcecode.swift; path = MovieTableViewCell.swift; sourceTree = "<group>"; };
		DB9644F071B34CFAA6F83017 /* Pods.xcconfig */ = {isa = PBXFileReference; includeInIndex = 1; lastKnownFileType = text.xcconfig; name = Pods.xcconfig; path = Pods/Pods.xcconfig; sourceTree = "<group>"; };
		E117F4B097044711866EE046 /* libPods.a */ = {isa = PBXFileReference; explicitFileType = archive.ar; includeInIndex = 0; path = libPods.a; sourceTree = BUILT_PRODUCTS_DIR; };
/* End PBXFileReference section */

/* Begin PBXFrameworksBuildPhase section */
		366A70AC19C4CA1600347AEF /* Frameworks */ = {
			isa = PBXFrameworksBuildPhase;
			buildActionMask = 2147483647;
			files = (
				9CE90D61481C4F36822D0B69 /* libPods.a in Frameworks */,
			);
			runOnlyForDeploymentPostprocessing = 0;
		};
		366A70C119C4CA1600347AEF /* Frameworks */ = {
			isa = PBXFrameworksBuildPhase;
			buildActionMask = 2147483647;
			files = (
			);
			runOnlyForDeploymentPostprocessing = 0;
		};
/* End PBXFrameworksBuildPhase section */

/* Begin PBXGroup section */
		366A70A619C4CA1600347AEF = {
			isa = PBXGroup;
			children = (
				366A70B119C4CA1600347AEF /* RottenTomatoesSwift */,
				366A70C719C4CA1600347AEF /* RottenTomatoesSwiftTests */,
				366A70B019C4CA1600347AEF /* Products */,
				DB9644F071B34CFAA6F83017 /* Pods.xcconfig */,
				7C8BAF6F4459405087776D9F /* Frameworks */,
			);
			sourceTree = "<group>";
		};
		366A70B019C4CA1600347AEF /* Products */ = {
			isa = PBXGroup;
			children = (
				366A70AF19C4CA1600347AEF /* RottenTomatoesSwift.app */,
				366A70C419C4CA1600347AEF /* RottenTomatoesSwiftTests.xctest */,
			);
			name = Products;
			sourceTree = "<group>";
		};
		366A70B119C4CA1600347AEF /* RottenTomatoesSwift */ = {
			isa = PBXGroup;
			children = (
				366A70B419C4CA1600347AEF /* AppDelegate.swift */,
				366A70B819C4CA1600347AEF /* Main.storyboard */,
				366A70BB19C4CA1600347AEF /* Images.xcassets */,
				366A70BD19C4CA1600347AEF /* LaunchScreen.xib */,
				366A70B219C4CA1600347AEF /* Supporting Files */,
				366A70D419C4CB8200347AEF /* MoviesViewController.swift */,
				366A70D619C4CD9E00347AEF /* MovieTableViewCell.swift */,
			);
			path = RottenTomatoesSwift;
			sourceTree = "<group>";
		};
		366A70B219C4CA1600347AEF /* Supporting Files */ = {
			isa = PBXGroup;
			children = (
				366A70B319C4CA1600347AEF /* Info.plist */,
			);
			name = "Supporting Files";
			sourceTree = "<group>";
		};
		366A70C719C4CA1600347AEF /* RottenTomatoesSwiftTests */ = {
			isa = PBXGroup;
			children = (
				366A70CA19C4CA1600347AEF /* RottenTomatoesSwiftTests.swift */,
				366A70C819C4CA1600347AEF /* Supporting Files */,
			);
			path = RottenTomatoesSwiftTests;
			sourceTree = "<group>";
		};
		366A70C819C4CA1600347AEF /* Supporting Files */ = {
			isa = PBXGroup;
			children = (
				366A70C919C4CA1600347AEF /* Info.plist */,
			);
			name = "Supporting Files";
			sourceTree = "<group>";
		};
		7C8BAF6F4459405087776D9F /* Frameworks */ = {
			isa = PBXGroup;
			children = (
				E117F4B097044711866EE046 /* libPods.a */,
			);
			name = Frameworks;
			sourceTree = "<group>";
		};
/* End PBXGroup section */

/* Begin PBXNativeTarget section */
		366A70AE19C4CA1600347AEF /* RottenTomatoesSwift */ = {
			isa = PBXNativeTarget;
			buildConfigurationList = 366A70CE19C4CA1600347AEF /* Build configuration list for PBXNativeTarget "RottenTomatoesSwift" */;
			buildPhases = (
				CD004FD3F1AB429F833B174F /* Check Pods Manifest.lock */,
				366A70AB19C4CA1600347AEF /* Sources */,
				366A70AC19C4CA1600347AEF /* Frameworks */,
				366A70AD19C4CA1600347AEF /* Resources */,
				0C2EC30632144C42BADE5C64 /* Copy Pods Resources */,
			);
			buildRules = (
			);
			dependencies = (
			);
			name = RottenTomatoesSwift;
			productName = RottenTomatoesSwift;
			productReference = 366A70AF19C4CA1600347AEF /* RottenTomatoesSwift.app */;
			productType = "com.apple.product-type.application";
		};
		366A70C319C4CA1600347AEF /* RottenTomatoesSwiftTests */ = {
			isa = PBXNativeTarget;
			buildConfigurationList = 366A70D119C4CA1600347AEF /* Build configuration list for PBXNativeTarget "RottenTomatoesSwiftTests" */;
			buildPhases = (
				366A70C019C4CA1600347AEF /* Sources */,
				366A70C119C4CA1600347AEF /* Frameworks */,
				366A70C219C4CA1600347AEF /* Resources */,
			);
			buildRules = (
			);
			dependencies = (
				366A70C619C4CA1600347AEF /* PBXTargetDependency */,
			);
			name = RottenTomatoesSwiftTests;
			productName = RottenTomatoesSwiftTests;
			productReference = 366A70C419C4CA1600347AEF /* RottenTomatoesSwiftTests.xctest */;
			productType = "com.apple.product-type.bundle.unit-test";
		};
/* End PBXNativeTarget section */

/* Begin PBXProject section */
		366A70A719C4CA1600347AEF /* Project object */ = {
			isa = PBXProject;
			attributes = {
				LastUpgradeCheck = 0600;
				ORGANIZATIONNAME = personal;
				TargetAttributes = {
					366A70AE19C4CA1600347AEF = {
						CreatedOnToolsVersion = 6.0;
					};
					366A70C319C4CA1600347AEF = {
						CreatedOnToolsVersion = 6.0;
						TestTargetID = 366A70AE19C4CA1600347AEF;
					};
				};
			};
			buildConfigurationList = 366A70AA19C4CA1600347AEF /* Build configuration list for PBXProject "RottenTomatoesSwift" */;
			compatibilityVersion = "Xcode 3.2";
			developmentRegion = English;
			hasScannedForEncodings = 0;
			knownRegions = (
				en,
				Base,
			);
			mainGroup = 366A70A619C4CA1600347AEF;
			productRefGroup = 366A70B019C4CA1600347AEF /* Products */;
			projectDirPath = "";
			projectRoot = "";
			targets = (
				366A70AE19C4CA1600347AEF /* RottenTomatoesSwift */,
				366A70C319C4CA1600347AEF /* RottenTomatoesSwiftTests */,
			);
		};
/* End PBXProject section */

/* Begin PBXResourcesBuildPhase section */
		366A70AD19C4CA1600347AEF /* Resources */ = {
			isa = PBXResourcesBuildPhase;
			buildActionMask = 2147483647;
			files = (
				366A70BA19C4CA1600347AEF /* Main.storyboard in Resources */,
				366A70BF19C4CA1600347AEF /* LaunchScreen.xib in Resources */,
				366A70BC19C4CA1600347AEF /* Images.xcassets in Resources */,
			);
			runOnlyForDeploymentPostprocessing = 0;
		};
		366A70C219C4CA1600347AEF /* Resources */ = {
			isa = PBXResourcesBuildPhase;
			buildActionMask = 2147483647;
			files = (
			);
			runOnlyForDeploymentPostprocessing = 0;
		};
/* End PBXResourcesBuildPhase section */

/* Begin PBXShellScriptBuildPhase section */
		0C2EC30632144C42BADE5C64 /* Copy Pods Resources */ = {
			isa = PBXShellScriptBuildPhase;
			buildActionMask = 2147483647;
			files = (
			);
			inputPaths = (
			);
			name = "Copy Pods Resources";
			outputPaths = (
			);
			runOnlyForDeploymentPostprocessing = 0;
			shellPath = /bin/sh;
			shellScript = "\"${SRCROOT}/Pods/Pods-resources.sh\"\n";
			showEnvVarsInLog = 0;
		};
		CD004FD3F1AB429F833B174F /* Check Pods Manifest.lock */ = {
			isa = PBXShellScriptBuildPhase;
			buildActionMask = 2147483647;
			files = (
			);
			inputPaths = (
			);
			name = "Check Pods Manifest.lock";
			outputPaths = (
			);
			runOnlyForDeploymentPostprocessing = 0;
			shellPath = /bin/sh;
			shellScript = "diff \"${PODS_ROOT}/../Podfile.lock\" \"${PODS_ROOT}/Manifest.lock\" > /dev/null\nif [[ $? != 0 ]] ; then\n    cat << EOM\nerror: The sandbox is not in sync with the Podfile.lock. Run 'pod install' or update your CocoaPods installation.\nEOM\n    exit 1\nfi\n";
			showEnvVarsInLog = 0;
		};
/* End PBXShellScriptBuildPhase section */

/* Begin PBXSourcesBuildPhase section */
		366A70AB19C4CA1600347AEF /* Sources */ = {
			isa = PBXSourcesBuildPhase;
			buildActionMask = 2147483647;
			files = (
				366A70B519C4CA1600347AEF /* AppDelegate.swift in Sources */,
				366A70D519C4CB8200347AEF /* MoviesViewController.swift in Sources */,
				366A70D719C4CD9E00347AEF /* MovieTableViewCell.swift in Sources */,
			);
			runOnlyForDeploymentPostprocessing = 0;
		};
		366A70C019C4CA1600347AEF /* Sources */ = {
			isa = PBXSourcesBuildPhase;
			buildActionMask = 2147483647;
			files = (
				366A70CB19C4CA1600347AEF /* RottenTomatoesSwiftTests.swift in Sources */,
			);
			runOnlyForDeploymentPostprocessing = 0;
		};
/* End PBXSourcesBuildPhase section */

/* Begin PBXTargetDependency section */
		366A70C619C4CA1600347AEF /* PBXTargetDependency */ = {
			isa = PBXTargetDependency;
			target = 366A70AE19C4CA1600347AEF /* RottenTomatoesSwift */;
			targetProxy = 366A70C519C4CA1600347AEF /* PBXContainerItemProxy */;
		};
/* End PBXTargetDependency section */

/* Begin PBXVariantGroup section */
		366A70B819C4CA1600347AEF /* Main.storyboard */ = {
			isa = PBXVariantGroup;
			children = (
				366A70B919C4CA1600347AEF /* Base */,
			);
			name = Main.storyboard;
			sourceTree = "<group>";
		};
		366A70BD19C4CA1600347AEF /* LaunchScreen.xib */ = {
			isa = PBXVariantGroup;
			children = (
				366A70BE19C4CA1600347AEF /* Base */,
			);
			name = LaunchScreen.xib;
			sourceTree = "<group>";
		};
/* End PBXVariantGroup section */

/* Begin XCBuildConfiguration section */
		366A70CC19C4CA1600347AEF /* Debug */ = {
			isa = XCBuildConfiguration;
			buildSettings = {
				ALWAYS_SEARCH_USER_PATHS = NO;
				CLANG_CXX_LANGUAGE_STANDARD = "gnu++0x";
				CLANG_CXX_LIBRARY = "libc++";
				CLANG_ENABLE_MODULES = YES;
				CLANG_ENABLE_OBJC_ARC = YES;
				CLANG_WARN_BOOL_CONVERSION = YES;
				CLANG_WARN_CONSTANT_CONVERSION = YES;
				CLANG_WARN_DIRECT_OBJC_ISA_USAGE = YES_ERROR;
				CLANG_WARN_EMPTY_BODY = YES;
				CLANG_WARN_ENUM_CONVERSION = YES;
				CLANG_WARN_INT_CONVERSION = YES;
				CLANG_WARN_OBJC_ROOT_CLASS = YES_ERROR;
				CLANG_WARN_UNREACHABLE_CODE = YES;
				CLANG_WARN__DUPLICATE_METHOD_MATCH = YES;
				"CODE_SIGN_IDENTITY[sdk=iphoneos*]" = "iPhone Developer";
				COPY_PHASE_STRIP = NO;
				ENABLE_STRICT_OBJC_MSGSEND = YES;
				GCC_C_LANGUAGE_STANDARD = gnu99;
				GCC_DYNAMIC_NO_PIC = NO;
				GCC_OPTIMIZATION_LEVEL = 0;
				GCC_PREPROCESSOR_DEFINITIONS = (
					"DEBUG=1",
					"$(inherited)",
				);
				GCC_SYMBOLS_PRIVATE_EXTERN = NO;
				GCC_WARN_64_TO_32_BIT_CONVERSION = YES;
				GCC_WARN_ABOUT_RETURN_TYPE = YES_ERROR;
				GCC_WARN_UNDECLARED_SELECTOR = YES;
				GCC_WARN_UNINITIALIZED_AUTOS = YES_AGGRESSIVE;
				GCC_WARN_UNUSED_FUNCTION = YES;
				GCC_WARN_UNUSED_VARIABLE = YES;
				IPHONEOS_DEPLOYMENT_TARGET = 8.0;
				MTL_ENABLE_DEBUG_INFO = YES;
				ONLY_ACTIVE_ARCH = YES;
				SDKROOT = iphoneos;
				SWIFT_OPTIMIZATION_LEVEL = "-Onone";
			};
			name = Debug;
		};
		366A70CD19C4CA1600347AEF /* Release */ = {
			isa = XCBuildConfiguration;
			buildSettings = {
				ALWAYS_SEARCH_USER_PATHS = NO;
				CLANG_CXX_LANGUAGE_STANDARD = "gnu++0x";
				CLANG_CXX_LIBRARY = "libc++";
				CLANG_ENABLE_MODULES = YES;
				CLANG_ENABLE_OBJC_ARC = YES;
				CLANG_WARN_BOOL_CONVERSION = YES;
				CLANG_WARN_CONSTANT_CONVERSION = YES;
				CLANG_WARN_DIRECT_OBJC_ISA_USAGE = YES_ERROR;
				CLANG_WARN_EMPTY_BODY = YES;
				CLANG_WARN_ENUM_CONVERSION = YES;
				CLANG_WARN_INT_CONVERSION = YES;
				CLANG_WARN_OBJC_ROOT_CLASS = YES_ERROR;
				CLANG_WARN_UNREACHABLE_CODE = YES;
				CLANG_WARN__DUPLICATE_METHOD_MATCH = YES;
				"CODE_SIGN_IDENTITY[sdk=iphoneos*]" = "iPhone Developer";
				COPY_PHASE_STRIP = YES;
				ENABLE_NS_ASSERTIONS = NO;
				ENABLE_STRICT_OBJC_MSGSEND = YES;
				GCC_C_LANGUAGE_STANDARD = gnu99;
				GCC_WARN_64_TO_32_BIT_CONVERSION = YES;
				GCC_WARN_ABOUT_RETURN_TYPE = YES_ERROR;
				GCC_WARN_UNDECLARED_SELECTOR = YES;
				GCC_WARN_UNINITIALIZED_AUTOS = YES_AGGRESSIVE;
				GCC_WARN_UNUSED_FUNCTION = YES;
				GCC_WARN_UNUSED_VARIABLE = YES;
				IPHONEOS_DEPLOYMENT_TARGET = 8.0;
				MTL_ENABLE_DEBUG_INFO = NO;
				SDKROOT = iphoneos;
				VALIDATE_PRODUCT = YES;
			};
			name = Release;
		};
		366A70CF19C4CA1600347AEF /* Debug */ = {
			isa = XCBuildConfiguration;
			baseConfigurationReference = DB9644F071B34CFAA6F83017 /* Pods.xcconfig */;
			buildSettings = {
				ASSETCATALOG_COMPILER_APPICON_NAME = AppIcon;
				INFOPLIST_FILE = RottenTomatoesSwift/Info.plist;
				LD_RUNPATH_SEARCH_PATHS = "$(inherited) @executable_path/Frameworks";
				PRODUCT_NAME = "$(TARGET_NAME)";
			};
			name = Debug;
		};
		366A70D019C4CA1600347AEF /* Release */ = {
			isa = XCBuildConfiguration;
			baseConfigurationReference = DB9644F071B34CFAA6F83017 /* Pods.xcconfig */;
			buildSettings = {
				ASSETCATALOG_COMPILER_APPICON_NAME = AppIcon;
				INFOPLIST_FILE = RottenTomatoesSwift/Info.plist;
				LD_RUNPATH_SEARCH_PATHS = "$(inherited) @executable_path/Frameworks";
				PRODUCT_NAME = "$(TARGET_NAME)";
			};
			name = Release;
		};
		366A70D219C4CA1600347AEF /* Debug */ = {
			isa = XCBuildConfiguration;
			buildSettings = {
				BUNDLE_LOADER = "$(TEST_HOST)";
				FRAMEWORK_SEARCH_PATHS = (
					"$(SDKROOT)/Developer/Library/Frameworks",
					"$(inherited)",
				);
				GCC_PREPROCESSOR_DEFINITIONS = (
					"DEBUG=1",
					"$(inherited)",
				);
				INFOPLIST_FILE = RottenTomatoesSwiftTests/Info.plist;
				LD_RUNPATH_SEARCH_PATHS = "$(inherited) @executable_path/Frameworks @loader_path/Frameworks";
				PRODUCT_NAME = "$(TARGET_NAME)";
				TEST_HOST = "$(BUILT_PRODUCTS_DIR)/RottenTomatoesSwift.app/RottenTomatoesSwift";
			};
			name = Debug;
		};
		366A70D319C4CA1600347AEF /* Release */ = {
			isa = XCBuildConfiguration;
			buildSettings = {
				BUNDLE_LOADER = "$(TEST_HOST)";
				FRAMEWORK_SEARCH_PATHS = (
					"$(SDKROOT)/Developer/Library/Frameworks",
					"$(inherited)",
				);
				INFOPLIST_FILE = RottenTomatoesSwiftTests/Info.plist;
				LD_RUNPATH_SEARCH_PATHS = "$(inherited) @executable_path/Frameworks @loader_path/Frameworks";
				PRODUCT_NAME = "$(TARGET_NAME)";
				TEST_HOST = "$(BUILT_PRODUCTS_DIR)/RottenTomatoesSwift.app/RottenTomatoesSwift";
			};
			name = Release;
		};
/* End XCBuildConfiguration section */

/* Begin XCConfigurationList section */
		366A70AA19C4CA1600347AEF /* Build configuration list for PBXProject "RottenTomatoesSwift" */ = {
			isa = XCConfigurationList;
			buildConfigurations = (
				366A70CC19C4CA1600347AEF /* Debug */,
				366A70CD19C4CA1600347AEF /* Release */,
			);
			defaultConfigurationIsVisible = 0;
			defaultConfigurationName = Release;
		};
		366A70CE19C4CA1600347AEF /* Build configuration list for PBXNativeTarget "RottenTomatoesSwift" */ = {
			isa = XCConfigurationList;
			buildConfigurations = (
				366A70CF19C4CA1600347AEF /* Debug */,
				366A70D019C4CA1600347AEF /* Release */,
			);
			defaultConfigurationIsVisible = 0;
			defaultConfigurationName = Release;
		};
		366A70D119C4CA1600347AEF /* Build configuration list for PBXNativeTarget "RottenTomatoesSwiftTests" */ = {
			isa = XCConfigurationList;
			buildConfigurations = (
				366A70D219C4CA1600347AEF /* Debug */,
				366A70D319C4CA1600347AEF /* Release */,
			);
			defaultConfigurationIsVisible = 0;
			defaultConfigurationName = Release;
		};
/* End XCConfigurationList section */
	};
	rootObject = 366A70A719C4CA1600347AEF /* Project object */;
}
